
Microsoft Visual Studio Solution File, Format Version 12.00
# Visual Studio Version 17
VisualStudioVersion = 17.1.32228.430
MinimumVisualStudioVersion = 10.0.40219.1
Project("{9A19103F-16F7-4668-BE54-9A1E7A4F7556}") = "MessageService", "MessageService\MessageService.csproj", "{B5FDE68E-6CB0-4269-9E9D-0964B2A24CDA}"
EndProject
Project("{9A19103F-16F7-4668-BE54-9A1E7A4F7556}") = "TweetService", "TweetService\TweetService.csproj", "{38CD49F3-B8AE-43F3-BCB4-17B0B321E2AF}"
EndProject
Project("{9A19103F-16F7-4668-BE54-9A1E7A4F7556}") = "UserService", "UserService\UserService.csproj", "{B853ADB0-F9C9-49CB-8F28-69DDBAFE3F99}"
EndProject
Project("{9A19103F-16F7-4668-BE54-9A1E7A4F7556}") = "APIGateway", "APIGateway\APIGateway.csproj", "{06AEC2BC-FA5F-4B96-BC66-F25B3A1E145E}"
EndProject
Project("{FAE04EC0-301F-11D3-BF4B-00C04F79EFBC}") = "Shared.Models", "Shared.Models\Shared.Models.csproj", "{D632ED42-57AF-4AEB-A25D-05E8359B285A}"
EndProject
Global
	GlobalSection(SolutionConfigurationPlatforms) = preSolution
		Debug|Any CPU = Debug|Any CPU
		Release|Any CPU = Release|Any CPU
	EndGlobalSection
	GlobalSection(ProjectConfigurationPlatforms) = postSolution
		{B5FDE68E-6CB0-4269-9E9D-0964B2A24CDA}.Debug|Any CPU.ActiveCfg = Debug|Any CPU
		{B5FDE68E-6CB0-4269-9E9D-0964B2A24CDA}.Debug|Any CPU.Build.0 = Debug|Any CPU
		{B5FDE68E-6CB0-4269-9E9D-0964B2A24CDA}.Release|Any CPU.ActiveCfg = Release|Any CPU
		{B5FDE68E-6CB0-4269-9E9D-0964B2A24CDA}.Release|Any CPU.Build.0 = Release|Any CPU
		{38CD49F3-B8AE-43F3-BCB4-17B0B321E2AF}.Debug|Any CPU.ActiveCfg = Debug|Any CPU
		{38CD49F3-B8AE-43F3-BCB4-17B0B321E2AF}.Debug|Any CPU.Build.0 = Debug|Any CPU
		{38CD49F3-B8AE-43F3-BCB4-17B0B321E2AF}.Release|Any CPU.ActiveCfg = Release|Any CPU
		{38CD49F3-B8AE-43F3-BCB4-17B0B321E2AF}.Release|Any CPU.Build.0 = Release|Any CPU
		{B853ADB0-F9C9-49CB-8F28-69DDBAFE3F99}.Debug|Any CPU.ActiveCfg = Debug|Any CPU
		{B853ADB0-F9C9-49CB-8F28-69DDBAFE3F99}.Debug|Any CPU.Build.0 = Debug|Any CPU
		{B853ADB0-F9C9-49CB-8F28-69DDBAFE3F99}.Release|Any CPU.ActiveCfg = Release|Any CPU
		{B853ADB0-F9C9-49CB-8F28-69DDBAFE3F99}.Release|Any CPU.Build.0 = Release|Any CPU
		{06AEC2BC-FA5F-4B96-BC66-F25B3A1E145E}.Debug|Any CPU.ActiveCfg = Debug|Any CPU
		{06AEC2BC-FA5F-4B96-BC66-F25B3A1E145E}.Debug|Any CPU.Build.0 = Debug|Any CPU
		{06AEC2BC-FA5F-4B96-BC66-F25B3A1E145E}.Release|Any CPU.ActiveCfg = Release|Any CPU
		{06AEC2BC-FA5F-4B96-BC66-F25B3A1E145E}.Release|Any CPU.Build.0 = Release|Any CPU
		{D632ED42-57AF-4AEB-A25D-05E8359B285A}.Debug|Any CPU.ActiveCfg = Debug|Any CPU
		{D632ED42-57AF-4AEB-A25D-05E8359B285A}.Debug|Any CPU.Build.0 = Debug|Any CPU
		{D632ED42-57AF-4AEB-A25D-05E8359B285A}.Release|Any CPU.ActiveCfg = Release|Any CPU
		{D632ED42-57AF-4AEB-A25D-05E8359B285A}.Release|Any CPU.Build.0 = Release|Any CPU
	EndGlobalSection
	GlobalSection(SolutionProperties) = preSolution
		HideSolutionNode = FALSE
	EndGlobalSection
	GlobalSection(ExtensibilityGlobals) = postSolution
		SolutionGuid = {02492E0C-1CBD-4310-A752-7DC4E5F81AD5}
	EndGlobalSection
EndGlobal
